
Microsoft Visual Studio Solution File, Format Version 12.00
# Visual Studio 15
VisualStudioVersion = 15.0.28307.329
MinimumVisualStudioVersion = 10.0.40219.1
Project("{FAE04EC0-301F-11D3-BF4B-00C04F79EFBC}") = "SSHAplicacion.Android", "SSHAplicacion\SSHAplicacion.Android\SSHAplicacion.Android.csproj", "{94D820D8-E0F7-48B4-BE58-2DF510DB7E72}"
EndProject
Project("{FAE04EC0-301F-11D3-BF4B-00C04F79EFBC}") = "SSHAplicacion.iOS", "SSHAplicacion\SSHAplicacion.iOS\SSHAplicacion.iOS.csproj", "{96B020D1-5810-468A-AA48-0AE978F81360}"
EndProject
Project("{FAE04EC0-301F-11D3-BF4B-00C04F79EFBC}") = "SSHAplicacion.UWP", "SSHAplicacion\SSHAplicacion.UWP\SSHAplicacion.UWP.csproj", "{F7916427-F4EB-44A3-A40C-7871A9759D50}"
EndProject
Project("{FAE04EC0-301F-11D3-BF4B-00C04F79EFBC}") = "SSHAplicacion", "SSHAplicacion\SSHAplicacion\SSHAplicacion.csproj", "{44137E26-8E91-4A66-8BC9-53D86FAFB140}"
EndProject
Global
	GlobalSection(SolutionConfigurationPlatforms) = preSolution
		Ad-Hoc|Any CPU = Ad-Hoc|Any CPU
		Ad-Hoc|ARM = Ad-Hoc|ARM
		Ad-Hoc|iPhone = Ad-Hoc|iPhone
		Ad-Hoc|iPhoneSimulator = Ad-Hoc|iPhoneSimulator
		Ad-Hoc|x64 = Ad-Hoc|x64
		Ad-Hoc|x86 = Ad-Hoc|x86
		AppStore|Any CPU = AppStore|Any CPU
		AppStore|ARM = AppStore|ARM
		AppStore|iPhone = AppStore|iPhone
		AppStore|iPhoneSimulator = AppStore|iPhoneSimulator
		AppStore|x64 = AppStore|x64
		AppStore|x86 = AppStore|x86
		Debug|Any CPU = Debug|Any CPU
		Debug|ARM = Debug|ARM
		Debug|iPhone = Debug|iPhone
		Debug|iPhoneSimulator = Debug|iPhoneSimulator
		Debug|x64 = Debug|x64
		Debug|x86 = Debug|x86
		Release|Any CPU = Release|Any CPU
		Release|ARM = Release|ARM
		Release|iPhone = Release|iPhone
		Release|iPhoneSimulator = Release|iPhoneSimulator
		Release|x64 = Release|x64
		Release|x86 = Release|x86
	EndGlobalSection
	GlobalSection(ProjectConfigurationPlatforms) = postSolution
		{94D820D8-E0F7-48B4-BE58-2DF510DB7E72}.Ad-Hoc|Any CPU.ActiveCfg = Release|Any CPU
		{94D820D8-E0F7-48B4-BE58-2DF510DB7E72}.Ad-Hoc|Any CPU.Build.0 = Release|Any CPU
		{94D820D8-E0F7-48B4-BE58-2DF510DB7E72}.Ad-Hoc|Any CPU.Deploy.0 = Release|Any CPU
		{94D820D8-E0F7-48B4-BE58-2DF510DB7E72}.Ad-Hoc|ARM.ActiveCfg = Release|Any CPU
		{94D820D8-E0F7-48B4-BE58-2DF510DB7E72}.Ad-Hoc|ARM.Build.0 = Release|Any CPU
		{94D820D8-E0F7-48B4-BE58-2DF510DB7E72}.Ad-Hoc|ARM.Deploy.0 = Release|Any CPU
		{94D820D8-E0F7-48B4-BE58-2DF510DB7E72}.Ad-Hoc|iPhone.ActiveCfg = Release|Any CPU
		{94D820D8-E0F7-48B4-BE58-2DF510DB7E72}.Ad-Hoc|iPhone.Build.0 = Release|Any CPU
		{94D820D8-E0F7-48B4-BE58-2DF510DB7E72}.Ad-Hoc|iPhone.Deploy.0 = Release|Any CPU
		{94D820D8-E0F7-48B4-BE58-2DF510DB7E72}.Ad-Hoc|iPhoneSimulator.ActiveCfg = Release|Any CPU
		{94D820D8-E0F7-48B4-BE58-2DF510DB7E72}.Ad-Hoc|iPhoneSimulator.Build.0 = Release|Any CPU
		{94D820D8-E0F7-48B4-BE58-2DF510DB7E72}.Ad-Hoc|iPhoneSimulator.Deploy.0 = Release|Any CPU
		{94D820D8-E0F7-48B4-BE58-2DF510DB7E72}.Ad-Hoc|x64.ActiveCfg = Release|Any CPU
		{94D820D8-E0F7-48B4-BE58-2DF510DB7E72}.Ad-Hoc|x64.Build.0 = Release|Any CPU
		{94D820D8-E0F7-48B4-BE58-2DF510DB7E72}.Ad-Hoc|x64.Deploy.0 = Release|Any CPU
		{94D820D8-E0F7-48B4-BE58-2DF510DB7E72}.Ad-Hoc|x86.ActiveCfg = Release|Any CPU
		{94D820D8-E0F7-48B4-BE58-2DF510DB7E72}.Ad-Hoc|x86.Build.0 = Release|Any CPU
		{94D820D8-E0F7-48B4-BE58-2DF510DB7E72}.Ad-Hoc|x86.Deploy.0 = Release|Any CPU
		{94D820D8-E0F7-48B4-BE58-2DF510DB7E72}.AppStore|Any CPU.ActiveCfg = Release|Any CPU
		{94D820D8-E0F7-48B4-BE58-2DF510DB7E72}.AppStore|Any CPU.Build.0 = Release|Any CPU
		{94D820D8-E0F7-48B4-BE58-2DF510DB7E72}.AppStore|Any CPU.Deploy.0 = Release|Any CPU
		{94D820D8-E0F7-48B4-BE58-2DF510DB7E72}.AppStore|ARM.ActiveCfg = Release|Any CPU
		{94D820D8-E0F7-48B4-BE58-2DF510DB7E72}.AppStore|ARM.Build.0 = Release|Any CPU
		{94D820D8-E0F7-48B4-BE58-2DF510DB7E72}.AppStore|ARM.Deploy.0 = Release|Any CPU
		{94D820D8-E0F7-48B4-BE58-2DF510DB7E72}.AppStore|iPhone.ActiveCfg = Release|Any CPU
		{94D820D8-E0F7-48B4-BE58-2DF510DB7E72}.AppStore|iPhone.Build.0 = Release|Any CPU
		{94D820D8-E0F7-48B4-BE58-2DF510DB7E72}.AppStore|iPhone.Deploy.0 = Release|Any CPU
		{94D820D8-E0F7-48B4-BE58-2DF510DB7E72}.AppStore|iPhoneSimulator.ActiveCfg = Release|Any CPU
		{94D820D8-E0F7-48B4-BE58-2DF510DB7E72}.AppStore|iPhoneSimulator.Build.0 = Release|Any CPU
		{94D820D8-E0F7-48B4-BE58-2DF510DB7E72}.AppStore|iPhoneSimulator.Deploy.0 = Release|Any CPU
		{94D820D8-E0F7-48B4-BE58-2DF510DB7E72}.AppStore|x64.ActiveCfg = Release|Any CPU
		{94D820D8-E0F7-48B4-BE58-2DF510DB7E72}.AppStore|x64.Build.0 = Release|Any CPU
		{94D820D8-E0F7-48B4-BE58-2DF510DB7E72}.AppStore|x64.Deploy.0 = Release|Any CPU
		{94D820D8-E0F7-48B4-BE58-2DF510DB7E72}.AppStore|x86.ActiveCfg = Release|Any CPU
		{94D820D8-E0F7-48B4-BE58-2DF510DB7E72}.AppStore|x86.Build.0 = Release|Any CPU
		{94D820D8-E0F7-48B4-BE58-2DF510DB7E72}.AppStore|x86.Deploy.0 = Release|Any CPU
		{94D820D8-E0F7-48B4-BE58-2DF510DB7E72}.Debug|Any CPU.ActiveCfg = Debug|Any CPU
		{94D820D8-E0F7-48B4-BE58-2DF510DB7E72}.Debug|Any CPU.Build.0 = Debug|Any CPU
		{94D820D8-E0F7-48B4-BE58-2DF510DB7E72}.Debug|Any CPU.Deploy.0 = Debug|Any CPU
		{94D820D8-E0F7-48B4-BE58-2DF510DB7E72}.Debug|ARM.ActiveCfg = Debug|Any CPU
		{94D820D8-E0F7-48B4-BE58-2DF510DB7E72}.Debug|ARM.Build.0 = Debug|Any CPU
		{94D820D8-E0F7-48B4-BE58-2DF510DB7E72}.Debug|ARM.Deploy.0 = Debug|Any CPU
		{94D820D8-E0F7-48B4-BE58-2DF510DB7E72}.Debug|iPhone.ActiveCfg = Debug|Any CPU
		{94D820D8-E0F7-48B4-BE58-2DF510DB7E72}.Debug|iPhone.Build.0 = Debug|Any CPU
		{94D820D8-E0F7-48B4-BE58-2DF510DB7E72}.Debug|iPhone.Deploy.0 = Debug|Any CPU
		{94D820D8-E0F7-48B4-BE58-2DF510DB7E72}.Debug|iPhoneSimulator.ActiveCfg = Debug|Any CPU
		{94D820D8-E0F7-48B4-BE58-2DF510DB7E72}.Debug|iPhoneSimulator.Build.0 = Debug|Any CPU
		{94D820D8-E0F7-48B4-BE58-2DF510DB7E72}.Debug|iPhoneSimulator.Deploy.0 = Debug|Any CPU
		{94D820D8-E0F7-48B4-BE58-2DF510DB7E72}.Debug|x64.ActiveCfg = Debug|Any CPU
		{94D820D8-E0F7-48B4-BE58-2DF510DB7E72}.Debug|x64.Build.0 = Debug|Any CPU
		{94D820D8-E0F7-48B4-BE58-2DF510DB7E72}.Debug|x64.Deploy.0 = Debug|Any CPU
		{94D820D8-E0F7-48B4-BE58-2DF510DB7E72}.Debug|x86.ActiveCfg = Debug|Any CPU
		{94D820D8-E0F7-48B4-BE58-2DF510DB7E72}.Debug|x86.Build.0 = Debug|Any CPU
		{94D820D8-E0F7-48B4-BE58-2DF510DB7E72}.Debug|x86.Deploy.0 = Debug|Any CPU
		{94D820D8-E0F7-48B4-BE58-2DF510DB7E72}.Release|Any CPU.ActiveCfg = Release|Any CPU
		{94D820D8-E0F7-48B4-BE58-2DF510DB7E72}.Release|Any CPU.Build.0 = Release|Any CPU
		{94D820D8-E0F7-48B4-BE58-2DF510DB7E72}.Release|Any CPU.Deploy.0 = Release|Any CPU
		{94D820D8-E0F7-48B4-BE58-2DF510DB7E72}.Release|ARM.ActiveCfg = Release|Any CPU
		{94D820D8-E0F7-48B4-BE58-2DF510DB7E72}.Release|ARM.Build.0 = Release|Any CPU
		{94D820D8-E0F7-48B4-BE58-2DF510DB7E72}.Release|ARM.Deploy.0 = Release|Any CPU
		{94D820D8-E0F7-48B4-BE58-2DF510DB7E72}.Release|iPhone.ActiveCfg = Release|Any CPU
		{94D820D8-E0F7-48B4-BE58-2DF510DB7E72}.Release|iPhone.Build.0 = Release|Any CPU
		{94D820D8-E0F7-48B4-BE58-2DF510DB7E72}.Release|iPhone.Deploy.0 = Release|Any CPU
		{94D820D8-E0F7-48B4-BE58-2DF510DB7E72}.Release|iPhoneSimulator.ActiveCfg = Release|Any CPU
		{94D820D8-E0F7-48B4-BE58-2DF510DB7E72}.Release|iPhoneSimulator.Build.0 = Release|Any CPU
		{94D820D8-E0F7-48B4-BE58-2DF510DB7E72}.Release|iPhoneSimulator.Deploy.0 = Release|Any CPU
		{94D820D8-E0F7-48B4-BE58-2DF510DB7E72}.Release|x64.ActiveCfg = Release|Any CPU
		{94D820D8-E0F7-48B4-BE58-2DF510DB7E72}.Release|x64.Build.0 = Release|Any CPU
		{94D820D8-E0F7-48B4-BE58-2DF510DB7E72}.Release|x64.Deploy.0 = Release|Any CPU
		{94D820D8-E0F7-48B4-BE58-2DF510DB7E72}.Release|x86.ActiveCfg = Release|Any CPU
		{94D820D8-E0F7-48B4-BE58-2DF510DB7E72}.Release|x86.Build.0 = Release|Any CPU
		{94D820D8-E0F7-48B4-BE58-2DF510DB7E72}.Release|x86.Deploy.0 = Release|Any CPU
		{96B020D1-5810-468A-AA48-0AE978F81360}.Ad-Hoc|Any CPU.ActiveCfg = Ad-Hoc|iPhone
		{96B020D1-5810-468A-AA48-0AE978F81360}.Ad-Hoc|Any CPU.Build.0 = Ad-Hoc|iPhone
		{96B020D1-5810-468A-AA48-0AE978F81360}.Ad-Hoc|Any CPU.Deploy.0 = Ad-Hoc|iPhone
		{96B020D1-5810-468A-AA48-0AE978F81360}.Ad-Hoc|ARM.ActiveCfg = Ad-Hoc|iPhone
		{96B020D1-5810-468A-AA48-0AE978F81360}.Ad-Hoc|ARM.Build.0 = Ad-Hoc|iPhone
		{96B020D1-5810-468A-AA48-0AE978F81360}.Ad-Hoc|ARM.Deploy.0 = Ad-Hoc|iPhone
		{96B020D1-5810-468A-AA48-0AE978F81360}.Ad-Hoc|iPhone.ActiveCfg = Ad-Hoc|iPhone
		{96B020D1-5810-468A-AA48-0AE978F81360}.Ad-Hoc|iPhone.Build.0 = Ad-Hoc|iPhone
		{96B020D1-5810-468A-AA48-0AE978F81360}.Ad-Hoc|iPhone.Deploy.0 = Ad-Hoc|iPhone
		{96B020D1-5810-468A-AA48-0AE978F81360}.Ad-Hoc|iPhoneSimulator.ActiveCfg = Ad-Hoc|iPhoneSimulator
		{96B020D1-5810-468A-AA48-0AE978F81360}.Ad-Hoc|iPhoneSimulator.Build.0 = Ad-Hoc|iPhoneSimulator
		{96B020D1-5810-468A-AA48-0AE978F81360}.Ad-Hoc|iPhoneSimulator.Deploy.0 = Ad-Hoc|iPhoneSimulator
		{96B020D1-5810-468A-AA48-0AE978F81360}.Ad-Hoc|x64.ActiveCfg = Ad-Hoc|iPhone
		{96B020D1-5810-468A-AA48-0AE978F81360}.Ad-Hoc|x64.Build.0 = Ad-Hoc|iPhone
		{96B020D1-5810-468A-AA48-0AE978F81360}.Ad-Hoc|x64.Deploy.0 = Ad-Hoc|iPhone
		{96B020D1-5810-468A-AA48-0AE978F81360}.Ad-Hoc|x86.ActiveCfg = Ad-Hoc|iPhone
		{96B020D1-5810-468A-AA48-0AE978F81360}.Ad-Hoc|x86.Build.0 = Ad-Hoc|iPhone
		{96B020D1-5810-468A-AA48-0AE978F81360}.Ad-Hoc|x86.Deploy.0 = Ad-Hoc|iPhone
		{96B020D1-5810-468A-AA48-0AE978F81360}.AppStore|Any CPU.ActiveCfg = AppStore|iPhone
		{96B020D1-5810-468A-AA48-0AE978F81360}.AppStore|Any CPU.Build.0 = AppStore|iPhone
		{96B020D1-5810-468A-AA48-0AE978F81360}.AppStore|Any CPU.Deploy.0 = AppStore|iPhone
		{96B020D1-5810-468A-AA48-0AE978F81360}.AppStore|ARM.ActiveCfg = AppStore|iPhone
		{96B020D1-5810-468A-AA48-0AE978F81360}.AppStore|ARM.Build.0 = AppStore|iPhone
		{96B020D1-5810-468A-AA48-0AE978F81360}.AppStore|ARM.Deploy.0 = AppStore|iPhone
		{96B020D1-5810-468A-AA48-0AE978F81360}.AppStore|iPhone.ActiveCfg = AppStore|iPhone
		{96B020D1-5810-468A-AA48-0AE978F81360}.AppStore|iPhone.Build.0 = AppStore|iPhone
		{96B020D1-5810-468A-AA48-0AE978F81360}.AppStore|iPhone.Deploy.0 = AppStore|iPhone
		{96B020D1-5810-468A-AA48-0AE978F81360}.AppStore|iPhoneSimulator.ActiveCfg = AppStore|iPhoneSimulator
		{96B020D1-5810-468A-AA48-0AE978F81360}.AppStore|iPhoneSimulator.Build.0 = AppStore|iPhoneSimulator
		{96B020D1-5810-468A-AA48-0AE978F81360}.AppStore|iPhoneSimulator.Deploy.0 = AppStore|iPhoneSimulator
		{96B020D1-5810-468A-AA48-0AE978F81360}.AppStore|x64.ActiveCfg = AppStore|iPhone
		{96B020D1-5810-468A-AA48-0AE978F81360}.AppStore|x64.Build.0 = AppStore|iPhone
		{96B020D1-5810-468A-AA48-0AE978F81360}.AppStore|x64.Deploy.0 = AppStore|iPhone
		{96B020D1-5810-468A-AA48-0AE978F81360}.AppStore|x86.ActiveCfg = AppStore|iPhone
		{96B020D1-5810-468A-AA48-0AE978F81360}.AppStore|x86.Build.0 = AppStore|iPhone
		{96B020D1-5810-468A-AA48-0AE978F81360}.AppStore|x86.Deploy.0 = AppStore|iPhone
		{96B020D1-5810-468A-AA48-0AE978F81360}.Debug|Any CPU.ActiveCfg = Debug|iPhoneSimulator
		{96B020D1-5810-468A-AA48-0AE978F81360}.Debug|Any CPU.Build.0 = Debug|iPhoneSimulator
		{96B020D1-5810-468A-AA48-0AE978F81360}.Debug|Any CPU.Deploy.0 = Debug|iPhoneSimulator
		{96B020D1-5810-468A-AA48-0AE978F81360}.Debug|ARM.ActiveCfg = Debug|iPhone
		{96B020D1-5810-468A-AA48-0AE978F81360}.Debug|ARM.Build.0 = Debug|iPhone
		{96B020D1-5810-468A-AA48-0AE978F81360}.Debug|ARM.Deploy.0 = Debug|iPhone
		{96B020D1-5810-468A-AA48-0AE978F81360}.Debug|iPhone.ActiveCfg = Debug|iPhone
		{96B020D1-5810-468A-AA48-0AE978F81360}.Debug|iPhone.Build.0 = Debug|iPhone
		{96B020D1-5810-468A-AA48-0AE978F81360}.Debug|iPhone.Deploy.0 = Debug|iPhone
		{96B020D1-5810-468A-AA48-0AE978F81360}.Debug|iPhoneSimulator.ActiveCfg = Debug|iPhoneSimulator
		{96B020D1-5810-468A-AA48-0AE978F81360}.Debug|iPhoneSimulator.Build.0 = Debug|iPhoneSimulator
		{96B020D1-5810-468A-AA48-0AE978F81360}.Debug|iPhoneSimulator.Deploy.0 = Debug|iPhoneSimulator
		{96B020D1-5810-468A-AA48-0AE978F81360}.Debug|x64.ActiveCfg = Debug|iPhone
		{96B020D1-5810-468A-AA48-0AE978F81360}.Debug|x64.Build.0 = Debug|iPhone
		{96B020D1-5810-468A-AA48-0AE978F81360}.Debug|x64.Deploy.0 = Debug|iPhone
		{96B020D1-5810-468A-AA48-0AE978F81360}.Debug|x86.ActiveCfg = Debug|iPhone
		{96B020D1-5810-468A-AA48-0AE978F81360}.Debug|x86.Build.0 = Debug|iPhone
		{96B020D1-5810-468A-AA48-0AE978F81360}.Debug|x86.Deploy.0 = Debug|iPhone
		{96B020D1-5810-468A-AA48-0AE978F81360}.Release|Any CPU.ActiveCfg = Release|iPhone
		{96B020D1-5810-468A-AA48-0AE978F81360}.Release|Any CPU.Build.0 = Release|iPhone
		{96B020D1-5810-468A-AA48-0AE978F81360}.Release|Any CPU.Deploy.0 = Release|iPhone
		{96B020D1-5810-468A-AA48-0AE978F81360}.Release|ARM.ActiveCfg = Release|iPhone
		{96B020D1-5810-468A-AA48-0AE978F81360}.Release|ARM.Build.0 = Release|iPhone
		{96B020D1-5810-468A-AA48-0AE978F81360}.Release|ARM.Deploy.0 = Release|iPhone
		{96B020D1-5810-468A-AA48-0AE978F81360}.Release|iPhone.ActiveCfg = Release|iPhone
		{96B020D1-5810-468A-AA48-0AE978F81360}.Release|iPhone.Build.0 = Release|iPhone
		{96B020D1-5810-468A-AA48-0AE978F81360}.Release|iPhone.Deploy.0 = Release|iPhone
		{96B020D1-5810-468A-AA48-0AE978F81360}.Release|iPhoneSimulator.ActiveCfg = Release|iPhoneSimulator
		{96B020D1-5810-468A-AA48-0AE978F81360}.Release|iPhoneSimulator.Build.0 = Release|iPhoneSimulator
		{96B020D1-5810-468A-AA48-0AE978F81360}.Release|iPhoneSimulator.Deploy.0 = Release|iPhoneSimulator
		{96B020D1-5810-468A-AA48-0AE978F81360}.Release|x64.ActiveCfg = Release|iPhone
		{96B020D1-5810-468A-AA48-0AE978F81360}.Release|x64.Build.0 = Release|iPhone
		{96B020D1-5810-468A-AA48-0AE978F81360}.Release|x64.Deploy.0 = Release|iPhone
		{96B020D1-5810-468A-AA48-0AE978F81360}.Release|x86.ActiveCfg = Release|iPhone
		{96B020D1-5810-468A-AA48-0AE978F81360}.Release|x86.Build.0 = Release|iPhone
		{96B020D1-5810-468A-AA48-0AE978F81360}.Release|x86.Deploy.0 = Release|iPhone
		{F7916427-F4EB-44A3-A40C-7871A9759D50}.Ad-Hoc|Any CPU.ActiveCfg = Release|x86
		{F7916427-F4EB-44A3-A40C-7871A9759D50}.Ad-Hoc|Any CPU.Build.0 = Release|x86
		{F7916427-F4EB-44A3-A40C-7871A9759D50}.Ad-Hoc|Any CPU.Deploy.0 = Release|x86
		{F7916427-F4EB-44A3-A40C-7871A9759D50}.Ad-Hoc|ARM.ActiveCfg = Release|ARM
		{F7916427-F4EB-44A3-A40C-7871A9759D50}.Ad-Hoc|ARM.Build.0 = Release|ARM
		{F7916427-F4EB-44A3-A40C-7871A9759D50}.Ad-Hoc|ARM.Deploy.0 = Release|ARM
		{F7916427-F4EB-44A3-A40C-7871A9759D50}.Ad-Hoc|iPhone.ActiveCfg = Release|x86
		{F7916427-F4EB-44A3-A40C-7871A9759D50}.Ad-Hoc|iPhone.Build.0 = Release|x86
		{F7916427-F4EB-44A3-A40C-7871A9759D50}.Ad-Hoc|iPhone.Deploy.0 = Release|x86
		{F7916427-F4EB-44A3-A40C-7871A9759D50}.Ad-Hoc|iPhoneSimulator.ActiveCfg = Release|x86
		{F7916427-F4EB-44A3-A40C-7871A9759D50}.Ad-Hoc|iPhoneSimulator.Build.0 = Release|x86
		{F7916427-F4EB-44A3-A40C-7871A9759D50}.Ad-Hoc|iPhoneSimulator.Deploy.0 = Release|x86
		{F7916427-F4EB-44A3-A40C-7871A9759D50}.Ad-Hoc|x64.ActiveCfg = Release|x64
		{F7916427-F4EB-44A3-A40C-7871A9759D50}.Ad-Hoc|x64.Build.0 = Release|x64
		{F7916427-F4EB-44A3-A40C-7871A9759D50}.Ad-Hoc|x64.Deploy.0 = Release|x64
		{F7916427-F4EB-44A3-A40C-7871A9759D50}.Ad-Hoc|x86.ActiveCfg = Release|x86
		{F7916427-F4EB-44A3-A40C-7871A9759D50}.Ad-Hoc|x86.Build.0 = Release|x86
		{F7916427-F4EB-44A3-A40C-7871A9759D50}.Ad-Hoc|x86.Deploy.0 = Release|x86
		{F7916427-F4EB-44A3-A40C-7871A9759D50}.AppStore|Any CPU.ActiveCfg = Release|x86
		{F7916427-F4EB-44A3-A40C-7871A9759D50}.AppStore|Any CPU.Build.0 = Release|x86
		{F7916427-F4EB-44A3-A40C-7871A9759D50}.AppStore|Any CPU.Deploy.0 = Release|x86
		{F7916427-F4EB-44A3-A40C-7871A9759D50}.AppStore|ARM.ActiveCfg = Release|ARM
		{F7916427-F4EB-44A3-A40C-7871A9759D50}.AppStore|ARM.Build.0 = Release|ARM
		{F7916427-F4EB-44A3-A40C-7871A9759D50}.AppStore|ARM.Deploy.0 = Release|ARM
		{F7916427-F4EB-44A3-A40C-7871A9759D50}.AppStore|iPhone.ActiveCfg = Release|x86
		{F7916427-F4EB-44A3-A40C-7871A9759D50}.AppStore|iPhone.Build.0 = Release|x86
		{F7916427-F4EB-44A3-A40C-7871A9759D50}.AppStore|iPhone.Deploy.0 = Release|x86
		{F7916427-F4EB-44A3-A40C-7871A9759D50}.AppStore|iPhoneSimulator.ActiveCfg = Release|x86
		{F7916427-F4EB-44A3-A40C-7871A9759D50}.AppStore|iPhoneSimulator.Build.0 = Release|x86
		{F7916427-F4EB-44A3-A40C-7871A9759D50}.AppStore|iPhoneSimulator.Deploy.0 = Release|x86
		{F7916427-F4EB-44A3-A40C-7871A9759D50}.AppStore|x64.ActiveCfg = Release|x64
		{F7916427-F4EB-44A3-A40C-7871A9759D50}.AppStore|x64.Build.0 = Release|x64
		{F7916427-F4EB-44A3-A40C-7871A9759D50}.AppStore|x64.Deploy.0 = Release|x64
		{F7916427-F4EB-44A3-A40C-7871A9759D50}.AppStore|x86.ActiveCfg = Release|x86
		{F7916427-F4EB-44A3-A40C-7871A9759D50}.AppStore|x86.Build.0 = Release|x86
		{F7916427-F4EB-44A3-A40C-7871A9759D50}.AppStore|x86.Deploy.0 = Release|x86
		{F7916427-F4EB-44A3-A40C-7871A9759D50}.Debug|Any CPU.ActiveCfg = Debug|x86
		{F7916427-F4EB-44A3-A40C-7871A9759D50}.Debug|Any CPU.Build.0 = Debug|x86
		{F7916427-F4EB-44A3-A40C-7871A9759D50}.Debug|Any CPU.Deploy.0 = Debug|x86
		{F7916427-F4EB-44A3-A40C-7871A9759D50}.Debug|ARM.ActiveCfg = Debug|ARM
		{F7916427-F4EB-44A3-A40C-7871A9759D50}.Debug|ARM.Build.0 = Debug|ARM
		{F7916427-F4EB-44A3-A40C-7871A9759D50}.Debug|ARM.Deploy.0 = Debug|ARM
		{F7916427-F4EB-44A3-A40C-7871A9759D50}.Debug|iPhone.ActiveCfg = Debug|x86
		{F7916427-F4EB-44A3-A40C-7871A9759D50}.Debug|iPhone.Build.0 = Debug|x86
		{F7916427-F4EB-44A3-A40C-7871A9759D50}.Debug|iPhone.Deploy.0 = Debug|x86
		{F7916427-F4EB-44A3-A40C-7871A9759D50}.Debug|iPhoneSimulator.ActiveCfg = Debug|x86
		{F7916427-F4EB-44A3-A40C-7871A9759D50}.Debug|iPhoneSimulator.Build.0 = Debug|x86
		{F7916427-F4EB-44A3-A40C-7871A9759D50}.Debug|iPhoneSimulator.Deploy.0 = Debug|x86
		{F7916427-F4EB-44A3-A40C-7871A9759D50}.Debug|x64.ActiveCfg = Debug|x64
		{F7916427-F4EB-44A3-A40C-7871A9759D50}.Debug|x64.Build.0 = Debug|x64
		{F7916427-F4EB-44A3-A40C-7871A9759D50}.Debug|x64.Deploy.0 = Debug|x64
		{F7916427-F4EB-44A3-A40C-7871A9759D50}.Debug|x86.ActiveCfg = Debug|x86
		{F7916427-F4EB-44A3-A40C-7871A9759D50}.Debug|x86.Build.0 = Debug|x86
		{F7916427-F4EB-44A3-A40C-7871A9759D50}.Debug|x86.Deploy.0 = Debug|x86
		{F7916427-F4EB-44A3-A40C-7871A9759D50}.Release|Any CPU.ActiveCfg = Release|x86
		{F7916427-F4EB-44A3-A40C-7871A9759D50}.Release|Any CPU.Build.0 = Release|x86
		{F7916427-F4EB-44A3-A40C-7871A9759D50}.Release|Any CPU.Deploy.0 = Release|x86
		{F7916427-F4EB-44A3-A40C-7871A9759D50}.Release|ARM.ActiveCfg = Release|ARM
		{F7916427-F4EB-44A3-A40C-7871A9759D50}.Release|ARM.Build.0 = Release|ARM
		{F7916427-F4EB-44A3-A40C-7871A9759D50}.Release|ARM.Deploy.0 = Release|ARM
		{F7916427-F4EB-44A3-A40C-7871A9759D50}.Release|iPhone.ActiveCfg = Release|x86
		{F7916427-F4EB-44A3-A40C-7871A9759D50}.Release|iPhone.Build.0 = Release|x86
		{F7916427-F4EB-44A3-A40C-7871A9759D50}.Release|iPhone.Deploy.0 = Release|x86
		{F7916427-F4EB-44A3-A40C-7871A9759D50}.Release|iPhoneSimulator.ActiveCfg = Release|x86
		{F7916427-F4EB-44A3-A40C-7871A9759D50}.Release|iPhoneSimulator.Build.0 = Release|x86
		{F7916427-F4EB-44A3-A40C-7871A9759D50}.Release|iPhoneSimulator.Deploy.0 = Release|x86
		{F7916427-F4EB-44A3-A40C-7871A9759D50}.Release|x64.ActiveCfg = Release|x64
		{F7916427-F4EB-44A3-A40C-7871A9759D50}.Release|x64.Build.0 = Release|x64
		{F7916427-F4EB-44A3-A40C-7871A9759D50}.Release|x64.Deploy.0 = Release|x64
		{F7916427-F4EB-44A3-A40C-7871A9759D50}.Release|x86.ActiveCfg = Release|x86
		{F7916427-F4EB-44A3-A40C-7871A9759D50}.Release|x86.Build.0 = Release|x86
		{F7916427-F4EB-44A3-A40C-7871A9759D50}.Release|x86.Deploy.0 = Release|x86
		{44137E26-8E91-4A66-8BC9-53D86FAFB140}.Ad-Hoc|Any CPU.ActiveCfg = Debug|Any CPU
		{44137E26-8E91-4A66-8BC9-53D86FAFB140}.Ad-Hoc|Any CPU.Build.0 = Debug|Any CPU
		{44137E26-8E91-4A66-8BC9-53D86FAFB140}.Ad-Hoc|Any CPU.Deploy.0 = Debug|Any CPU
		{44137E26-8E91-4A66-8BC9-53D86FAFB140}.Ad-Hoc|ARM.ActiveCfg = Debug|Any CPU
		{44137E26-8E91-4A66-8BC9-53D86FAFB140}.Ad-Hoc|ARM.Build.0 = Debug|Any CPU
		{44137E26-8E91-4A66-8BC9-53D86FAFB140}.Ad-Hoc|ARM.Deploy.0 = Debug|Any CPU
		{44137E26-8E91-4A66-8BC9-53D86FAFB140}.Ad-Hoc|iPhone.ActiveCfg = Debug|Any CPU
		{44137E26-8E91-4A66-8BC9-53D86FAFB140}.Ad-Hoc|iPhone.Build.0 = Debug|Any CPU
		{44137E26-8E91-4A66-8BC9-53D86FAFB140}.Ad-Hoc|iPhone.Deploy.0 = Debug|Any CPU
		{44137E26-8E91-4A66-8BC9-53D86FAFB140}.Ad-Hoc|iPhoneSimulator.ActiveCfg = Debug|Any CPU
		{44137E26-8E91-4A66-8BC9-53D86FAFB140}.Ad-Hoc|iPhoneSimulator.Build.0 = Debug|Any CPU
		{44137E26-8E91-4A66-8BC9-53D86FAFB140}.Ad-Hoc|iPhoneSimulator.Deploy.0 = Debug|Any CPU
		{44137E26-8E91-4A66-8BC9-53D86FAFB140}.Ad-Hoc|x64.ActiveCfg = Debug|Any CPU
		{44137E26-8E91-4A66-8BC9-53D86FAFB140}.Ad-Hoc|x64.Build.0 = Debug|Any CPU
		{44137E26-8E91-4A66-8BC9-53D86FAFB140}.Ad-Hoc|x64.Deploy.0 = Debug|Any CPU
		{44137E26-8E91-4A66-8BC9-53D86FAFB140}.Ad-Hoc|x86.ActiveCfg = Debug|Any CPU
		{44137E26-8E91-4A66-8BC9-53D86FAFB140}.Ad-Hoc|x86.Build.0 = Debug|Any CPU
		{44137E26-8E91-4A66-8BC9-53D86FAFB140}.Ad-Hoc|x86.Deploy.0 = Debug|Any CPU
		{44137E26-8E91-4A66-8BC9-53D86FAFB140}.AppStore|Any CPU.ActiveCfg = Debug|Any CPU
		{44137E26-8E91-4A66-8BC9-53D86FAFB140}.AppStore|Any CPU.Build.0 = Debug|Any CPU
		{44137E26-8E91-4A66-8BC9-53D86FAFB140}.AppStore|Any CPU.Deploy.0 = Debug|Any CPU
		{44137E26-8E91-4A66-8BC9-53D86FAFB140}.AppStore|ARM.ActiveCfg = Debug|Any CPU
		{44137E26-8E91-4A66-8BC9-53D86FAFB140}.AppStore|ARM.Build.0 = Debug|Any CPU
		{44137E26-8E91-4A66-8BC9-53D86FAFB140}.AppStore|ARM.Deploy.0 = Debug|Any CPU
		{44137E26-8E91-4A66-8BC9-53D86FAFB140}.AppStore|iPhone.ActiveCfg = Debug|Any CPU
		{44137E26-8E91-4A66-8BC9-53D86FAFB140}.AppStore|iPhone.Build.0 = Debug|Any CPU
		{44137E26-8E91-4A66-8BC9-53D86FAFB140}.AppStore|iPhone.Deploy.0 = Debug|Any CPU
		{44137E26-8E91-4A66-8BC9-53D86FAFB140}.AppStore|iPhoneSimulator.ActiveCfg = Debug|Any CPU
		{44137E26-8E91-4A66-8BC9-53D86FAFB140}.AppStore|iPhoneSimulator.Build.0 = Debug|Any CPU
		{44137E26-8E91-4A66-8BC9-53D86FAFB140}.AppStore|iPhoneSimulator.Deploy.0 = Debug|Any CPU
		{44137E26-8E91-4A66-8BC9-53D86FAFB140}.AppStore|x64.ActiveCfg = Debug|Any CPU
		{44137E26-8E91-4A66-8BC9-53D86FAFB140}.AppStore|x64.Build.0 = Debug|Any CPU
		{44137E26-8E91-4A66-8BC9-53D86FAFB140}.AppStore|x64.Deploy.0 = Debug|Any CPU
		{44137E26-8E91-4A66-8BC9-53D86FAFB140}.AppStore|x86.ActiveCfg = Debug|Any CPU
		{44137E26-8E91-4A66-8BC9-53D86FAFB140}.AppStore|x86.Build.0 = Debug|Any CPU
		{44137E26-8E91-4A66-8BC9-53D86FAFB140}.AppStore|x86.Deploy.0 = Debug|Any CPU
		{44137E26-8E91-4A66-8BC9-53D86FAFB140}.Debug|Any CPU.ActiveCfg = Debug|Any CPU
		{44137E26-8E91-4A66-8BC9-53D86FAFB140}.Debug|Any CPU.Build.0 = Debug|Any CPU
		{44137E26-8E91-4A66-8BC9-53D86FAFB140}.Debug|Any CPU.Deploy.0 = Debug|Any CPU
		{44137E26-8E91-4A66-8BC9-53D86FAFB140}.Debug|ARM.ActiveCfg = Debug|Any CPU
		{44137E26-8E91-4A66-8BC9-53D86FAFB140}.Debug|ARM.Build.0 = Debug|Any CPU
		{44137E26-8E91-4A66-8BC9-53D86FAFB140}.Debug|ARM.Deploy.0 = Debug|Any CPU
		{44137E26-8E91-4A66-8BC9-53D86FAFB140}.Debug|iPhone.ActiveCfg = Debug|Any CPU
		{44137E26-8E91-4A66-8BC9-53D86FAFB140}.Debug|iPhone.Build.0 = Debug|Any CPU
		{44137E26-8E91-4A66-8BC9-53D86FAFB140}.Debug|iPhone.Deploy.0 = Debug|Any CPU
		{44137E26-8E91-4A66-8BC9-53D86FAFB140}.Debug|iPhoneSimulator.ActiveCfg = Debug|Any CPU
		{44137E26-8E91-4A66-8BC9-53D86FAFB140}.Debug|iPhoneSimulator.Build.0 = Debug|Any CPU
		{44137E26-8E91-4A66-8BC9-53D86FAFB140}.Debug|iPhoneSimulator.Deploy.0 = Debug|Any CPU
		{44137E26-8E91-4A66-8BC9-53D86FAFB140}.Debug|x64.ActiveCfg = Debug|Any CPU
		{44137E26-8E91-4A66-8BC9-53D86FAFB140}.Debug|x64.Build.0 = Debug|Any CPU
		{44137E26-8E91-4A66-8BC9-53D86FAFB140}.Debug|x64.Deploy.0 = Debug|Any CPU
		{44137E26-8E91-4A66-8BC9-53D86FAFB140}.Debug|x86.ActiveCfg = Debug|Any CPU
		{44137E26-8E91-4A66-8BC9-53D86FAFB140}.Debug|x86.Build.0 = Debug|Any CPU
		{44137E26-8E91-4A66-8BC9-53D86FAFB140}.Debug|x86.Deploy.0 = Debug|Any CPU
		{44137E26-8E91-4A66-8BC9-53D86FAFB140}.Release|Any CPU.ActiveCfg = Release|Any CPU
		{44137E26-8E91-4A66-8BC9-53D86FAFB140}.Release|Any CPU.Build.0 = Release|Any CPU
		{44137E26-8E91-4A66-8BC9-53D86FAFB140}.Release|Any CPU.Deploy.0 = Release|Any CPU
		{44137E26-8E91-4A66-8BC9-53D86FAFB140}.Release|ARM.ActiveCfg = Release|Any CPU
		{44137E26-8E91-4A66-8BC9-53D86FAFB140}.Release|ARM.Build.0 = Release|Any CPU
		{44137E26-8E91-4A66-8BC9-53D86FAFB140}.Release|ARM.Deploy.0 = Release|Any CPU
		{44137E26-8E91-4A66-8BC9-53D86FAFB140}.Release|iPhone.ActiveCfg = Release|Any CPU
		{44137E26-8E91-4A66-8BC9-53D86FAFB140}.Release|iPhone.Build.0 = Release|Any CPU
		{44137E26-8E91-4A66-8BC9-53D86FAFB140}.Release|iPhone.Deploy.0 = Release|Any CPU
		{44137E26-8E91-4A66-8BC9-53D86FAFB140}.Release|iPhoneSimulator.ActiveCfg = Release|Any CPU
		{44137E26-8E91-4A66-8BC9-53D86FAFB140}.Release|iPhoneSimulator.Build.0 = Release|Any CPU
		{44137E26-8E91-4A66-8BC9-53D86FAFB140}.Release|iPhoneSimulator.Deploy.0 = Release|Any CPU
		{44137E26-8E91-4A66-8BC9-53D86FAFB140}.Release|x64.ActiveCfg = Release|Any CPU
		{44137E26-8E91-4A66-8BC9-53D86FAFB140}.Release|x64.Build.0 = Release|Any CPU
		{44137E26-8E91-4A66-8BC9-53D86FAFB140}.Release|x64.Deploy.0 = Release|Any CPU
		{44137E26-8E91-4A66-8BC9-53D86FAFB140}.Release|x86.ActiveCfg = Release|Any CPU
		{44137E26-8E91-4A66-8BC9-53D86FAFB140}.Release|x86.Build.0 = Release|Any CPU
		{44137E26-8E91-4A66-8BC9-53D86FAFB140}.Release|x86.Deploy.0 = Release|Any CPU
	EndGlobalSection
	GlobalSection(SolutionProperties) = preSolution
		HideSolutionNode = FALSE
	EndGlobalSection
	GlobalSection(ExtensibilityGlobals) = postSolution
		SolutionGuid = {9105A42F-E10E-4F13-B4EC-42FD6B7A9DD0}
	EndGlobalSection
EndGlobal
